
Microsoft Visual Studio Solution File, Format Version 12.00
# Visual Studio Version 16
VisualStudioVersion = 16.0.29613.14
MinimumVisualStudioVersion = 10.0.40219.1
Project("{9A19103F-16F7-4668-BE54-9A1E7A4F7556}") = "HardwareStore", "HardwareStore\HardwareStore.csproj", "{9D6827AD-8752-49E0-8E3D-AA24DB9C5263}"
EndProject
Project("{9A19103F-16F7-4668-BE54-9A1E7A4F7556}") = "StorageFunctionApp", "StorageFunctionApp\StorageFunctionApp.csproj", "{25D635F2-9DAF-4C39-BB0F-1353B888724A}"
EndProject
Global
	GlobalSection(SolutionConfigurationPlatforms) = preSolution
		Debug|Any CPU = Debug|Any CPU
		Release|Any CPU = Release|Any CPU
	EndGlobalSection
	GlobalSection(ProjectConfigurationPlatforms) = postSolution
		{9D6827AD-8752-49E0-8E3D-AA24DB9C5263}.Debug|Any CPU.ActiveCfg = Debug|Any CPU
		{9D6827AD-8752-49E0-8E3D-AA24DB9C5263}.Debug|Any CPU.Build.0 = Debug|Any CPU
		{9D6827AD-8752-49E0-8E3D-AA24DB9C5263}.Release|Any CPU.ActiveCfg = Release|Any CPU
		{9D6827AD-8752-49E0-8E3D-AA24DB9C5263}.Release|Any CPU.Build.0 = Release|Any CPU
		{25D635F2-9DAF-4C39-BB0F-1353B888724A}.Debug|Any CPU.ActiveCfg = Debug|Any CPU
		{25D635F2-9DAF-4C39-BB0F-1353B888724A}.Debug|Any CPU.Build.0 = Debug|Any CPU
		{25D635F2-9DAF-4C39-BB0F-1353B888724A}.Release|Any CPU.ActiveCfg = Release|Any CPU
		{25D635F2-9DAF-4C39-BB0F-1353B888724A}.Release|Any CPU.Build.0 = Release|Any CPU
	EndGlobalSection
	GlobalSection(SolutionProperties) = preSolution
		HideSolutionNode = FALSE
	EndGlobalSection
	GlobalSection(ExtensibilityGlobals) = postSolution
		SolutionGuid = {21A3363C-0A7E-490D-A1DD-3C1072DD1589}
	EndGlobalSection
EndGlobal
